
Microsoft Visual Studio Solution File, Format Version 12.00
# Visual Studio Version 17
VisualStudioVersion = 17.3.32922.545
MinimumVisualStudioVersion = 10.0.40219.1
Project("{9A19103F-16F7-4668-BE54-9A1E7A4F7556}") = "AlinSpace.Development", "AlinSpace.Development\AlinSpace.Development.csproj", "{BDDE099D-3BC8-428C-A7A4-157B55CF14A2}"
EndProject
Project("{FAE04EC0-301F-11D3-BF4B-00C04F79EFBC}") = "AlinSpace.Development.Tests", "AlinSpace.Development.Tests\AlinSpace.Development.Tests.csproj", "{E15E92FB-9DB3-4954-97B7-3161530A2B47}"
EndProject
Project("{FAE04EC0-301F-11D3-BF4B-00C04F79EFBC}") = "AlinSpace.Development.Console", "AlinSpace.Development.Console\AlinSpace.Development.Console.csproj", "{A2FF583A-049C-44A7-9254-CC582E713FEA}"
EndProject
Global
	GlobalSection(SolutionConfigurationPlatforms) = preSolution
		Debug|Any CPU = Debug|Any CPU
		Release|Any CPU = Release|Any CPU
	EndGlobalSection
	GlobalSection(ProjectConfigurationPlatforms) = postSolution
		{BDDE099D-3BC8-428C-A7A4-157B55CF14A2}.Debug|Any CPU.ActiveCfg = Debug|Any CPU
		{BDDE099D-3BC8-428C-A7A4-157B55CF14A2}.Debug|Any CPU.Build.0 = Debug|Any CPU
		{BDDE099D-3BC8-428C-A7A4-157B55CF14A2}.Release|Any CPU.ActiveCfg = Release|Any CPU
		{BDDE099D-3BC8-428C-A7A4-157B55CF14A2}.Release|Any CPU.Build.0 = Release|Any CPU
		{E15E92FB-9DB3-4954-97B7-3161530A2B47}.Debug|Any CPU.ActiveCfg = Debug|Any CPU
		{E15E92FB-9DB3-4954-97B7-3161530A2B47}.Debug|Any CPU.Build.0 = Debug|Any CPU
		{E15E92FB-9DB3-4954-97B7-3161530A2B47}.Release|Any CPU.ActiveCfg = Release|Any CPU
		{E15E92FB-9DB3-4954-97B7-3161530A2B47}.Release|Any CPU.Build.0 = Release|Any CPU
		{A2FF583A-049C-44A7-9254-CC582E713FEA}.Debug|Any CPU.ActiveCfg = Debug|Any CPU
		{A2FF583A-049C-44A7-9254-CC582E713FEA}.Debug|Any CPU.Build.0 = Debug|Any CPU
		{A2FF583A-049C-44A7-9254-CC582E713FEA}.Release|Any CPU.ActiveCfg = Release|Any CPU
		{A2FF583A-049C-44A7-9254-CC582E713FEA}.Release|Any CPU.Build.0 = Release|Any CPU
	EndGlobalSection
	GlobalSection(SolutionProperties) = preSolution
		HideSolutionNode = FALSE
	EndGlobalSection
	GlobalSection(ExtensibilityGlobals) = postSolution
		SolutionGuid = {ED54FA98-DFF1-4C6B-91C5-D522FDCF9B06}
	EndGlobalSection
EndGlobal
